
Microsoft Visual Studio Solution File, Format Version 12.00
# Visual Studio Version 17
VisualStudioVersion = 17.11.35219.272
MinimumVisualStudioVersion = 10.0.40219.1
Project("{9A19103F-16F7-4668-BE54-9A1E7A4F7556}") = "Test_Layer", "Test_Layer\Test_Layer.csproj", "{B8CB216B-46E6-4B27-9F1C-54ACF76F5AC7}"
EndProject
Project("{FAE04EC0-301F-11D3-BF4B-00C04F79EFBC}") = "PageObjects", "PageObjects\PageObjects.csproj", "{8EF13E6D-A396-4AB1-AE62-C921E664469D}"
EndProject
Project("{FAE04EC0-301F-11D3-BF4B-00C04F79EFBC}") = "Utilities", "Utilities\Utilities.csproj", "{00A4F597-FCF2-4B9F-8852-D3C2C1404349}"
EndProject
Global
	GlobalSection(SolutionConfigurationPlatforms) = preSolution
		Debug|Any CPU = Debug|Any CPU
		Release|Any CPU = Release|Any CPU
	EndGlobalSection
	GlobalSection(ProjectConfigurationPlatforms) = postSolution
		{B8CB216B-46E6-4B27-9F1C-54ACF76F5AC7}.Debug|Any CPU.ActiveCfg = Debug|Any CPU
		{B8CB216B-46E6-4B27-9F1C-54ACF76F5AC7}.Debug|Any CPU.Build.0 = Debug|Any CPU
		{B8CB216B-46E6-4B27-9F1C-54ACF76F5AC7}.Release|Any CPU.ActiveCfg = Release|Any CPU
		{B8CB216B-46E6-4B27-9F1C-54ACF76F5AC7}.Release|Any CPU.Build.0 = Release|Any CPU
		{8EF13E6D-A396-4AB1-AE62-C921E664469D}.Debug|Any CPU.ActiveCfg = Debug|Any CPU
		{8EF13E6D-A396-4AB1-AE62-C921E664469D}.Debug|Any CPU.Build.0 = Debug|Any CPU
		{8EF13E6D-A396-4AB1-AE62-C921E664469D}.Release|Any CPU.ActiveCfg = Release|Any CPU
		{8EF13E6D-A396-4AB1-AE62-C921E664469D}.Release|Any CPU.Build.0 = Release|Any CPU
		{00A4F597-FCF2-4B9F-8852-D3C2C1404349}.Debug|Any CPU.ActiveCfg = Debug|Any CPU
		{00A4F597-FCF2-4B9F-8852-D3C2C1404349}.Debug|Any CPU.Build.0 = Debug|Any CPU
		{00A4F597-FCF2-4B9F-8852-D3C2C1404349}.Release|Any CPU.ActiveCfg = Release|Any CPU
		{00A4F597-FCF2-4B9F-8852-D3C2C1404349}.Release|Any CPU.Build.0 = Release|Any CPU
	EndGlobalSection
	GlobalSection(SolutionProperties) = preSolution
		HideSolutionNode = FALSE
	EndGlobalSection
	GlobalSection(ExtensibilityGlobals) = postSolution
		SolutionGuid = {76AE5498-DA2E-417A-BCE7-665215A16684}
	EndGlobalSection
EndGlobal
