
Microsoft Visual Studio Solution File, Format Version 12.00
# Visual Studio Version 17
VisualStudioVersion = 17.11.35219.272
MinimumVisualStudioVersion = 10.0.40219.1
Project("{FAE04EC0-301F-11D3-BF4B-00C04F79EFBC}") = "Test_Layer", "Test_Layer\Test_Layer.csproj", "{B8CB216B-46E6-4B27-9F1C-54ACF76F5AC7}"
EndProject
Global
	GlobalSection(SolutionConfigurationPlatforms) = preSolution
		Debug|Any CPU = Debug|Any CPU
		Release|Any CPU = Release|Any CPU
	EndGlobalSection
	GlobalSection(ProjectConfigurationPlatforms) = postSolution
		{B8CB216B-46E6-4B27-9F1C-54ACF76F5AC7}.Debug|Any CPU.ActiveCfg = Debug|Any CPU
		{B8CB216B-46E6-4B27-9F1C-54ACF76F5AC7}.Debug|Any CPU.Build.0 = Debug|Any CPU
		{B8CB216B-46E6-4B27-9F1C-54ACF76F5AC7}.Release|Any CPU.ActiveCfg = Release|Any CPU
		{B8CB216B-46E6-4B27-9F1C-54ACF76F5AC7}.Release|Any CPU.Build.0 = Release|Any CPU
	EndGlobalSection
	GlobalSection(SolutionProperties) = preSolution
		HideSolutionNode = FALSE
	EndGlobalSection
	GlobalSection(ExtensibilityGlobals) = postSolution
		SolutionGuid = {76AE5498-DA2E-417A-BCE7-665215A16684}
	EndGlobalSection
EndGlobal
